schema: '2.0'
stages:
  data_preprocessing:
    cmd: python src/data_preprocessing.py
    deps:
    - path: data/raw
      hash: md5
      md5: 9ce5f5a97bdbac82bab8cfa4073c9174.dir
      size: 13519924
      nfiles: 2
    - path: src/data_preprocessing.py
      hash: md5
      md5: 970125347fb58cd54083803eb2db6001
      size: 2709
    outs:
    - path: data/interim
      hash: md5
      md5: 8f8c4aeca23ce2bcd4dad6c0bbbaf232.dir
      size: 15217132
      nfiles: 2
  data_ingestion:
    cmd: python src/data_ingestion.py
    deps:
    - path: src/data_ingestion.py
      hash: md5
      md5: 6ee5bb550448106fd0aa2fd82fbd8aa8
      size: 3824
    params:
      params.yaml:
        data_ingestion.test_size: 0.3
    outs:
    - path: data/raw
      hash: md5
      md5: 9ce5f5a97bdbac82bab8cfa4073c9174.dir
      size: 13519924
      nfiles: 2
  model_building:
    cmd: python src/model_building.py
    deps:
    - path: data/interim
      hash: md5
      md5: 8f8c4aeca23ce2bcd4dad6c0bbbaf232.dir
      size: 15217132
      nfiles: 2
    - path: src/model_building.py
      hash: md5
      md5: 90fecaf0c50a03f677d1c4f3c89d0ca1
      size: 4165
    params:
      params.yaml:
        model_building.learning_rate: 0.1
        model_building.max_depth: 9
        model_building.n_estimators: 100
        model_building.random_state: 42
    outs:
    - path: models/xgb_model.pkl
      hash: md5
      md5: be23040d9c1dd09a98d452de9815e83a
      size: 316358
  model_evaluation:
    cmd: python src/model_evaluation.py
    deps:
    - path: models/xgb_model.pkl
      hash: md5
      md5: be23040d9c1dd09a98d452de9815e83a
      size: 316358
    - path: src/model_evaluation.py
      hash: md5
      md5: 519be14e0d4315b2070c5f951bed0647
      size: 4505
    outs:
    - path: reports/metrics.json
      hash: md5
      md5: 2cb376b56804960d06f0fb0ce26a5735
      size: 186
